<?xml version="1.0" encoding="utf-8"?>
<Project ToolsVersion="4.0" xmlns="http://schemas.microsoft.com/developer/msbuild/2003">
  <ItemGroup>
    <Filter Include="Source Files">
      <UniqueIdentifier>{4FC737F1-C7A5-4376-A066-2A32D752A2FF}</UniqueIdentifier>
      <Extensions>cpp;c;cc;cxx;def;odl;idl;hpj;bat;asm;asmx</Extensions>
    </Filter>
  </ItemGroup>
  <ItemGroup>
    <ClCompile Include="main.cc">
      <Filter>Source Files</Filter>
    </ClCompile>
    <ClCompile Include="bink_media_player_host.cc">
      <Filter>Source Files</Filter>
    </ClCompile>
  </ItemGroup>
  <ItemGroup>
    <ClInclude Include="scoped_com_initializer.h">
      <Filter>Source Files</Filter>
    </ClInclude>
    <ClInclude Include="com_error_category.h">
      <Filter>Source Files</Filter>
    </ClInclude>
    <ClInclude Include="scoped_timer_resolution.h">
      <Filter>Source Files</Filter>
    </ClInclude>
    <ClInclude Include="scoped_show_cursor.h">
      <Filter>Source Files</Filter>
    </ClInclude>
    <ClInclude Include="bink_media_player_host.h">
      <Filter>Source Files</Filter>
    </ClInclude>
    <ClInclude Include="message_dispatcher.h">
      <Filter>Source Files</Filter>
    </ClInclude>
  </ItemGroup>
</Project>