<?xml version="1.0" encoding="utf-8"?>
<Project ToolsVersion="4.0" xmlns="http://schemas.microsoft.com/developer/msbuild/2003">
  <ItemGroup>
    <Filter Include="Source Files">
      <UniqueIdentifier>{4FC737F1-C7A5-4376-A066-2A32D752A2FF}</UniqueIdentifier>
      <Extensions>cpp;c;cc;cxx;c++;cppm;ixx;def;odl;idl;hpj;bat;asm;asmx</Extensions>
    </Filter>
    <Filter Include="Header Files">
      <UniqueIdentifier>{93995380-89BD-4b04-88EB-625FBE52EBFB}</UniqueIdentifier>
      <Extensions>h;hh;hpp;hxx;h++;hm;inl;inc;ipp;xsd</Extensions>
    </Filter>
    <Filter Include="Resource Files">
      <UniqueIdentifier>{67DA6AB6-F800-4c08-8B7A-83BB121AAD01}</UniqueIdentifier>
      <Extensions>rc;ico;cur;bmp;dlg;rc2;rct;bin;rgs;gif;jpg;jpeg;jpe;resx;tiff;tif;png;wav;mfcribbon-ms</Extensions>
    </Filter>
    <Filter Include="Header Files\include">
      <UniqueIdentifier>{4489b33b-bd53-4bca-ae40-bf245b17d8c2}</UniqueIdentifier>
    </Filter>
  </ItemGroup>
  <ItemGroup>
    <ClInclude Include="bink_audio_controls.h">
      <Filter>Header Files</Filter>
    </ClInclude>
    <ClInclude Include="bink_audio_track.h">
      <Filter>Header Files</Filter>
    </ClInclude>
    <ClInclude Include="bink_buffer.h">
      <Filter>Header Files</Filter>
    </ClInclude>
    <ClInclude Include="bink_media_player.h">
      <Filter>Header Files</Filter>
    </ClInclude>
    <ClInclude Include="mss_bootstrapper.h">
      <Filter>Header Files</Filter>
    </ClInclude>
    <ClInclude Include="mss_digital_driver.h">
      <Filter>Header Files</Filter>
    </ClInclude>
    <ClInclude Include="scoped_bink_buffer_lock.h">
      <Filter>Header Files</Filter>
    </ClInclude>
    <ClInclude Include="resource.h">
      <Filter>Header Files</Filter>
    </ClInclude>
    <ClInclude Include="include\bink_base.h">
      <Filter>Header Files\include</Filter>
    </ClInclude>
    <ClInclude Include="include\bink_general_settings.h">
      <Filter>Header Files\include</Filter>
    </ClInclude>
    <ClInclude Include="include\bink_media_player_factory.h">
      <Filter>Header Files\include</Filter>
    </ClInclude>
    <ClInclude Include="include\bink_media_player_settings.h">
      <Filter>Header Files\include</Filter>
    </ClInclude>
    <ClInclude Include="include\ibink_audio_controls.h">
      <Filter>Header Files\include</Filter>
    </ClInclude>
    <ClInclude Include="include\ibink_audio_track.h">
      <Filter>Header Files\include</Filter>
    </ClInclude>
    <ClInclude Include="include\ibink_media_player.h">
      <Filter>Header Files\include</Filter>
    </ClInclude>
    <ClInclude Include="include\imss_digital_driver.h">
      <Filter>Header Files\include</Filter>
    </ClInclude>
    <ClInclude Include="include\mss_digital_driver_factory.h">
      <Filter>Header Files\include</Filter>
    </ClInclude>
  </ItemGroup>
  <ItemGroup>
    <ClCompile Include="bink_general_settings.cc">
      <Filter>Source Files</Filter>
    </ClCompile>
    <ClCompile Include="bink_media_player.cc">
      <Filter>Source Files</Filter>
    </ClCompile>
    <ClCompile Include="bink_media_player_factory.cc">
      <Filter>Source Files</Filter>
    </ClCompile>
    <ClCompile Include="ibink_audio_controls.cc">
      <Filter>Source Files</Filter>
    </ClCompile>
    <ClCompile Include="ibink_media_player.cc">
      <Filter>Source Files</Filter>
    </ClCompile>
    <ClCompile Include="imss_digital_driver.cc">
      <Filter>Source Files</Filter>
    </ClCompile>
    <ClCompile Include="mss_digital_driver_factory.cc">
      <Filter>Source Files</Filter>
    </ClCompile>
    <ClCompile Include="ibink_audio_track.cc">
      <Filter>Source Files</Filter>
    </ClCompile>
  </ItemGroup>
  <ItemGroup>
    <ResourceCompile Include="binkmp.rc">
      <Filter>Resource Files</Filter>
    </ResourceCompile>
  </ItemGroup>
</Project>